
Microsoft Visual Studio Solution File, Format Version 12.00
# Visual Studio Version 16
VisualStudioVersion = 16.0.30621.155
MinimumVisualStudioVersion = 10.0.40219.1
Project("{FAE04EC0-301F-11D3-BF4B-00C04F79EFBC}") = "EntityFrameworkApiRelacional", "EntityFrameworkApiRelacional\EntityFrameworkApiRelacional.csproj", "{1FBC645F-4795-487E-90C9-ECA41BE512B4}"
EndProject
Project("{FAE04EC0-301F-11D3-BF4B-00C04F79EFBC}") = "EntityFrameworkApiRelacionalDomain", "EntityFrameworkApiRelacionalDomain\EntityFrameworkApiRelacionalDomain.csproj", "{597CA0B2-FAE2-479C-9C22-82F38CAD2642}"
EndProject
Project("{FAE04EC0-301F-11D3-BF4B-00C04F79EFBC}") = "EntityFrameworkApiRelacionalRepository", "EntityFrameworkApiRelacionalRepository\EntityFrameworkApiRelacionalRepository.csproj", "{83DE6C06-24AF-468F-ABC5-C4C7A12D6234}"
EndProject
Global
	GlobalSection(SolutionConfigurationPlatforms) = preSolution
		Debug|Any CPU = Debug|Any CPU
		Release|Any CPU = Release|Any CPU
	EndGlobalSection
	GlobalSection(ProjectConfigurationPlatforms) = postSolution
		{1FBC645F-4795-487E-90C9-ECA41BE512B4}.Debug|Any CPU.ActiveCfg = Debug|Any CPU
		{1FBC645F-4795-487E-90C9-ECA41BE512B4}.Debug|Any CPU.Build.0 = Debug|Any CPU
		{1FBC645F-4795-487E-90C9-ECA41BE512B4}.Release|Any CPU.ActiveCfg = Release|Any CPU
		{1FBC645F-4795-487E-90C9-ECA41BE512B4}.Release|Any CPU.Build.0 = Release|Any CPU
		{597CA0B2-FAE2-479C-9C22-82F38CAD2642}.Debug|Any CPU.ActiveCfg = Debug|Any CPU
		{597CA0B2-FAE2-479C-9C22-82F38CAD2642}.Debug|Any CPU.Build.0 = Debug|Any CPU
		{597CA0B2-FAE2-479C-9C22-82F38CAD2642}.Release|Any CPU.ActiveCfg = Release|Any CPU
		{597CA0B2-FAE2-479C-9C22-82F38CAD2642}.Release|Any CPU.Build.0 = Release|Any CPU
		{83DE6C06-24AF-468F-ABC5-C4C7A12D6234}.Debug|Any CPU.ActiveCfg = Debug|Any CPU
		{83DE6C06-24AF-468F-ABC5-C4C7A12D6234}.Debug|Any CPU.Build.0 = Debug|Any CPU
		{83DE6C06-24AF-468F-ABC5-C4C7A12D6234}.Release|Any CPU.ActiveCfg = Release|Any CPU
		{83DE6C06-24AF-468F-ABC5-C4C7A12D6234}.Release|Any CPU.Build.0 = Release|Any CPU
	EndGlobalSection
	GlobalSection(SolutionProperties) = preSolution
		HideSolutionNode = FALSE
	EndGlobalSection
	GlobalSection(ExtensibilityGlobals) = postSolution
		SolutionGuid = {40CC1CFE-62D0-477D-8FEB-532735D30BF3}
	EndGlobalSection
EndGlobal
